
Microsoft Visual Studio Solution File, Format Version 12.00
# Visual Studio Version 16
VisualStudioVersion = 16.0.31019.35
MinimumVisualStudioVersion = 10.0.40219.1
Project("{8BC9CEB8-8B4A-11D0-8D11-00A0C91BC942}") = "odp", "odp.vcxproj", "{EBBD2B1C-C3DC-4B0C-AB6F-6F8D750468FE}"
EndProject
Global
	GlobalSection(SolutionConfigurationPlatforms) = preSolution
		Debug|x64 = Debug|x64
		Debug|x86 = Debug|x86
		Release|x64 = Release|x64
		Release|x86 = Release|x86
	EndGlobalSection
	GlobalSection(ProjectConfigurationPlatforms) = postSolution
		{EBBD2B1C-C3DC-4B0C-AB6F-6F8D750468FE}.Debug|x64.ActiveCfg = Debug|x64
		{EBBD2B1C-C3DC-4B0C-AB6F-6F8D750468FE}.Debug|x64.Build.0 = Debug|x64
		{EBBD2B1C-C3DC-4B0C-AB6F-6F8D750468FE}.Debug|x86.ActiveCfg = Debug|Win32
		{EBBD2B1C-C3DC-4B0C-AB6F-6F8D750468FE}.Debug|x86.Build.0 = Debug|Win32
		{EBBD2B1C-C3DC-4B0C-AB6F-6F8D750468FE}.Release|x64.ActiveCfg = Release|x64
		{EBBD2B1C-C3DC-4B0C-AB6F-6F8D750468FE}.Release|x64.Build.0 = Release|x64
		{EBBD2B1C-C3DC-4B0C-AB6F-6F8D750468FE}.Release|x86.ActiveCfg = Release|Win32
		{EBBD2B1C-C3DC-4B0C-AB6F-6F8D750468FE}.Release|x86.Build.0 = Release|Win32
	EndGlobalSection
	GlobalSection(SolutionProperties) = preSolution
		HideSolutionNode = FALSE
	EndGlobalSection
	GlobalSection(ExtensibilityGlobals) = postSolution
		SolutionGuid = {83DF19AF-5F12-462C-9EAD-9E932E8AD329}
	EndGlobalSection
EndGlobal
